
Microsoft Visual Studio Solution File, Format Version 12.00
# Visual Studio Version 17
VisualStudioVersion = 17.6.33712.159
MinimumVisualStudioVersion = 10.0.40219.1
Project("{FAE04EC0-301F-11D3-BF4B-00C04F79EFBC}") = "WebApp204", "WebApp204\WebApp204.csproj", "{1BFB1FB2-D671-4E15-9A27-54B231ECABCC}"
EndProject
Global
	GlobalSection(SolutionConfigurationPlatforms) = preSolution
		Debug|Any CPU = Debug|Any CPU
		Release|Any CPU = Release|Any CPU
	EndGlobalSection
	GlobalSection(ProjectConfigurationPlatforms) = postSolution
		{1BFB1FB2-D671-4E15-9A27-54B231ECABCC}.Debug|Any CPU.ActiveCfg = Debug|Any CPU
		{1BFB1FB2-D671-4E15-9A27-54B231ECABCC}.Debug|Any CPU.Build.0 = Debug|Any CPU
		{1BFB1FB2-D671-4E15-9A27-54B231ECABCC}.Release|Any CPU.ActiveCfg = Release|Any CPU
		{1BFB1FB2-D671-4E15-9A27-54B231ECABCC}.Release|Any CPU.Build.0 = Release|Any CPU
	EndGlobalSection
	GlobalSection(SolutionProperties) = preSolution
		HideSolutionNode = FALSE
	EndGlobalSection
	GlobalSection(ExtensibilityGlobals) = postSolution
		SolutionGuid = {9F1470C0-76BB-445D-8377-A43ECDF1CD81}
	EndGlobalSection
EndGlobal
